// !$*UTF8*$!
{
	archiveVersion = 1;
	classes = {
	};
	objectVersion = 56;
	objects = {

/* Begin PBXBuildFile section */
		5E1128682B1642CC00ACED60 /* Running_appApp.swift in Sources */ = {isa = PBXBuildFile; fileRef = 5E1128672B1642CC00ACED60 /* Running_appApp.swift */; };
		5E11286A2B1642CC00ACED60 /* ContentView.swift in Sources */ = {isa = PBXBuildFile; fileRef = 5E1128692B1642CC00ACED60 /* ContentView.swift */; };
		5E11286C2B1642CE00ACED60 /* Assets.xcassets in Resources */ = {isa = PBXBuildFile; fileRef = 5E11286B2B1642CE00ACED60 /* Assets.xcassets */; };
		5E11286F2B1642CE00ACED60 /* Preview Assets.xcassets in Resources */ = {isa = PBXBuildFile; fileRef = 5E11286E2B1642CE00ACED60 /* Preview Assets.xcassets */; };
		5E1128792B1642CE00ACED60 /* Running_appTests.swift in Sources */ = {isa = PBXBuildFile; fileRef = 5E1128782B1642CE00ACED60 /* Running_appTests.swift */; };
		5E1128832B1642CE00ACED60 /* Running_appUITests.swift in Sources */ = {isa = PBXBuildFile; fileRef = 5E1128822B1642CE00ACED60 /* Running_appUITests.swift */; };
		5E1128852B1642CE00ACED60 /* Running_appUITestsLaunchTests.swift in Sources */ = {isa = PBXBuildFile; fileRef = 5E1128842B1642CE00ACED60 /* Running_appUITestsLaunchTests.swift */; };
/* End PBXBuildFile section */

/* Begin PBXContainerItemProxy section */
		5E1128752B1642CE00ACED60 /* PBXContainerItemProxy */ = {
			isa = PBXContainerItemProxy;
			containerPortal = 5E11285C2B1642CC00ACED60 /* Project object */;
			proxyType = 1;
			remoteGlobalIDString = 5E1128632B1642CC00ACED60;
			remoteInfo = "Running app";
		};
		5E11287F2B1642CE00ACED60 /* PBXContainerItemProxy */ = {
			isa = PBXContainerItemProxy;
			containerPortal = 5E11285C2B1642CC00ACED60 /* Project object */;
			proxyType = 1;
			remoteGlobalIDString = 5E1128632B1642CC00ACED60;
			remoteInfo = "Running app";
		};
/* End PBXContainerItemProxy section */

/* Begin PBXFileReference section */
		5E1128642B1642CC00ACED60 /* Running app.app */ = {isa = PBXFileReference; explicitFileType = wrapper.application; includeInIndex = 0; path = "Running app.app"; sourceTree = BUILT_PRODUCTS_DIR; };
		5E1128672B1642CC00ACED60 /* Running_appApp.swift */ = {isa = PBXFileReference; lastKnownFileType = sourcecode.swift; path = Running_appApp.swift; sourceTree = "<group>"; };
		5E1128692B1642CC00ACED60 /* ContentView.swift */ = {isa = PBXFileReference; lastKnownFileType = sourcecode.swift; path = ContentView.swift; sourceTree = "<group>"; };
		5E11286B2B1642CE00ACED60 /* Assets.xcassets */ = {isa = PBXFileReference; lastKnownFileType = folder.assetcatalog; path = Assets.xcassets; sourceTree = "<group>"; };
		5E11286E2B1642CE00ACED60 /* Preview Assets.xcassets */ = {isa = PBXFileReference; lastKnownFileType = folder.assetcatalog; path = "Preview Assets.xcassets"; sourceTree = "<group>"; };
		5E1128742B1642CE00ACED60 /* Running appTests.xctest */ = {isa = PBXFileReference; explicitFileType = wrapper.cfbundle; includeInIndex = 0; path = "Running appTests.xctest"; sourceTree = BUILT_PRODUCTS_DIR; };
		5E1128782B1642CE00ACED60 /* Running_appTests.swift */ = {isa = PBXFileReference; lastKnownFileType = sourcecode.swift; path = Running_appTests.swift; sourceTree = "<group>"; };
		5E11287E2B1642CE00ACED60 /* Running appUITests.xctest */ = {isa = PBXFileReference; explicitFileType = wrapper.cfbundle; includeInIndex = 0; path = "Running appUITests.xctest"; sourceTree = BUILT_PRODUCTS_DIR; };
		5E1128822B1642CE00ACED60 /* Running_appUITests.swift */ = {isa = PBXFileReference; lastKnownFileType = sourcecode.swift; path = Running_appUITests.swift; sourceTree = "<group>"; };
		5E1128842B1642CE00ACED60 /* Running_appUITestsLaunchTests.swift */ = {isa = PBXFileReference; lastKnownFileType = sourcecode.swift; path = Running_appUITestsLaunchTests.swift; sourceTree = "<group>"; };
/* End PBXFileReference section */

/* Begin PBXFrameworksBuildPhase section */
		5E1128612B1642CC00ACED60 /* Frameworks */ = {
			isa = PBXFrameworksBuildPhase;
			buildActionMask = 2147483647;
			files = (
			);
			runOnlyForDeploymentPostprocessing = 0;
		};
		5E1128712B1642CE00ACED60 /* Frameworks */ = {
			isa = PBXFrameworksBuildPhase;
			buildActionMask = 2147483647;
			files = (
			);
			runOnlyForDeploymentPostprocessing = 0;
		};
		5E11287B2B1642CE00ACED60 /* Frameworks */ = {
			isa = PBXFrameworksBuildPhase;
			buildActionMask = 2147483647;
			files = (
			);
			runOnlyForDeploymentPostprocessing = 0;
		};
/* End PBXFrameworksBuildPhase section */

/* Begin PBXGroup section */
		5E11285B2B1642CC00ACED60 = {
			isa = PBXGroup;
			children = (
				5E1128662B1642CC00ACED60 /* Running app */,
				5E1128772B1642CE00ACED60 /* Running appTests */,
				5E1128812B1642CE00ACED60 /* Running appUITests */,
				5E1128652B1642CC00ACED60 /* Products */,
			);
			sourceTree = "<group>";
		};
		5E1128652B1642CC00ACED60 /* Products */ = {
			isa = PBXGroup;
			children = (
				5E1128642B1642CC00ACED60 /* Running app.app */,
				5E1128742B1642CE00ACED60 /* Running appTests.xctest */,
				5E11287E2B1642CE00ACED60 /* Running appUITests.xctest */,
			);
			name = Products;
			sourceTree = "<group>";
		};
		5E1128662B1642CC00ACED60 /* Running app */ = {
			isa = PBXGroup;
			children = (
				5E1128672B1642CC00ACED60 /* Running_appApp.swift */,
				5E1128692B1642CC00ACED60 /* ContentView.swift */,
				5E11286B2B1642CE00ACED60 /* Assets.xcassets */,
				5E11286D2B1642CE00ACED60 /* Preview Content */,
			);
			path = "Running app";
			sourceTree = "<group>";
		};
		5E11286D2B1642CE00ACED60 /* Preview Content */ = {
			isa = PBXGroup;
			children = (
				5E11286E2B1642CE00ACED60 /* Preview Assets.xcassets */,
			);
			path = "Preview Content";
			sourceTree = "<group>";
		};
		5E1128772B1642CE00ACED60 /* Running appTests */ = {
			isa = PBXGroup;
			children = (
				5E1128782B1642CE00ACED60 /* Running_appTests.swift */,
			);
			path = "Running appTests";
			sourceTree = "<group>";
		};
		5E1128812B1642CE00ACED60 /* Running appUITests */ = {
			isa = PBXGroup;
			children = (
				5E1128822B1642CE00ACED60 /* Running_appUITests.swift */,
				5E1128842B1642CE00ACED60 /* Running_appUITestsLaunchTests.swift */,
			);
			path = "Running appUITests";
			sourceTree = "<group>";
		};
/* End PBXGroup section */

/* Begin PBXNativeTarget section */
		5E1128632B1642CC00ACED60 /* Running app */ = {
			isa = PBXNativeTarget;
			buildConfigurationList = 5E1128882B1642CE00ACED60 /* Build configuration list for PBXNativeTarget "Running app" */;
			buildPhases = (
				5E1128602B1642CC00ACED60 /* Sources */,
				5E1128612B1642CC00ACED60 /* Frameworks */,
				5E1128622B1642CC00ACED60 /* Resources */,
			);
			buildRules = (
			);
			dependencies = (
			);
			name = "Running app";
			productName = "Running app";
			productReference = 5E1128642B1642CC00ACED60 /* Running app.app */;
			productType = "com.apple.product-type.application";
		};
		5E1128732B1642CE00ACED60 /* Running appTests */ = {
			isa = PBXNativeTarget;
			buildConfigurationList = 5E11288B2B1642CE00ACED60 /* Build configuration list for PBXNativeTarget "Running appTests" */;
			buildPhases = (
				5E1128702B1642CE00ACED60 /* Sources */,
				5E1128712B1642CE00ACED60 /* Frameworks */,
				5E1128722B1642CE00ACED60 /* Resources */,
			);
			buildRules = (
			);
			dependencies = (
				5E1128762B1642CE00ACED60 /* PBXTargetDependency */,
			);
			name = "Running appTests";
			productName = "Running appTests";
			productReference = 5E1128742B1642CE00ACED60 /* Running appTests.xctest */;
			productType = "com.apple.product-type.bundle.unit-test";
		};
		5E11287D2B1642CE00ACED60 /* Running appUITests */ = {
			isa = PBXNativeTarget;
			buildConfigurationList = 5E11288E2B1642CE00ACED60 /* Build configuration list for PBXNativeTarget "Running appUITests" */;
			buildPhases = (
				5E11287A2B1642CE00ACED60 /* Sources */,
				5E11287B2B1642CE00ACED60 /* Frameworks */,
				5E11287C2B1642CE00ACED60 /* Resources */,
			);
			buildRules = (
			);
			dependencies = (
				5E1128802B1642CE00ACED60 /* PBXTargetDependency */,
			);
			name = "Running appUITests";
			productName = "Running appUITests";
			productReference = 5E11287E2B1642CE00ACED60 /* Running appUITests.xctest */;
			productType = "com.apple.product-type.bundle.ui-testing";
		};
/* End PBXNativeTarget section */

/* Begin PBXProject section */
		5E11285C2B1642CC00ACED60 /* Project object */ = {
			isa = PBXProject;
			attributes = {
				BuildIndependentTargetsInParallel = 1;
				LastSwiftUpdateCheck = 1430;
				LastUpgradeCheck = 1430;
				TargetAttributes = {
					5E1128632B1642CC00ACED60 = {
						CreatedOnToolsVersion = 14.3.1;
					};
					5E1128732B1642CE00ACED60 = {
						CreatedOnToolsVersion = 14.3.1;
						TestTargetID = 5E1128632B1642CC00ACED60;
					};
					5E11287D2B1642CE00ACED60 = {
						CreatedOnToolsVersion = 14.3.1;
						TestTargetID = 5E1128632B1642CC00ACED60;
					};
				};
			};
			buildConfigurationList = 5E11285F2B1642CC00ACED60 /* Build configuration list for PBXProject "Running app" */;
			compatibilityVersion = "Xcode 14.0";
			developmentRegion = en;
			hasScannedForEncodings = 0;
			knownRegions = (
				en,
				Base,
			);
			mainGroup = 5E11285B2B1642CC00ACED60;
			productRefGroup = 5E1128652B1642CC00ACED60 /* Products */;
			projectDirPath = "";
			projectRoot = "";
			targets = (
				5E1128632B1642CC00ACED60 /* Running app */,
				5E1128732B1642CE00ACED60 /* Running appTests */,
				5E11287D2B1642CE00ACED60 /* Running appUITests */,
			);
		};
/* End PBXProject section */

/* Begin PBXResourcesBuildPhase section */
		5E1128622B1642CC00ACED60 /* Resources */ = {
			isa = PBXResourcesBuildPhase;
			buildActionMask = 2147483647;
			files = (
				5E11286F2B1642CE00ACED60 /* Preview Assets.xcassets in Resources */,
				5E11286C2B1642CE00ACED60 /* Assets.xcassets in Resources */,
			);
			runOnlyForDeploymentPostprocessing = 0;
		};
		5E1128722B1642CE00ACED60 /* Resources */ = {
			isa = PBXResourcesBuildPhase;
			buildActionMask = 2147483647;
			files = (
			);
			runOnlyForDeploymentPostprocessing = 0;
		};
		5E11287C2B1642CE00ACED60 /* Resources */ = {
			isa = PBXResourcesBuildPhase;
			buildActionMask = 2147483647;
			files = (
			);
			runOnlyForDeploymentPostprocessing = 0;
		};
/* End PBXResourcesBuildPhase section */

/* Begin PBXSourcesBuildPhase section */
		5E1128602B1642CC00ACED60 /* Sources */ = {
			isa = PBXSourcesBuildPhase;
			buildActionMask = 2147483647;
			files = (
				5E11286A2B1642CC00ACED60 /* ContentView.swift in Sources */,
				5E1128682B1642CC00ACED60 /* Running_appApp.swift in Sources */,
			);
			runOnlyForDeploymentPostprocessing = 0;
		};
		5E1128702B1642CE00ACED60 /* Sources */ = {
			isa = PBXSourcesBuildPhase;
			buildActionMask = 2147483647;
			files = (
				5E1128792B1642CE00ACED60 /* Running_appTests.swift in Sources */,
			);
			runOnlyForDeploymentPostprocessing = 0;
		};
		5E11287A2B1642CE00ACED60 /* Sources */ = {
			isa = PBXSourcesBuildPhase;
			buildActionMask = 2147483647;
			files = (
				5E1128852B1642CE00ACED60 /* Running_appUITestsLaunchTests.swift in Sources */,
				5E1128832B1642CE00ACED60 /* Running_appUITests.swift in Sources */,
			);
			runOnlyForDeploymentPostprocessing = 0;
		};
/* End PBXSourcesBuildPhase section */

/* Begin PBXTargetDependency section */
		5E1128762B1642CE00ACED60 /* PBXTargetDependency */ = {
			isa = PBXTargetDependency;
			target = 5E1128632B1642CC00ACED60 /* Running app */;
			targetProxy = 5E1128752B1642CE00ACED60 /* PBXContainerItemProxy */;
		};
		5E1128802B1642CE00ACED60 /* PBXTargetDependency */ = {
			isa = PBXTargetDependency;
			target = 5E1128632B1642CC00ACED60 /* Running app */;
			targetProxy = 5E11287F2B1642CE00ACED60 /* PBXContainerItemProxy */;
		};
/* End PBXTargetDependency section */

/* Begin XCBuildConfiguration section */
		5E1128862B1642CE00ACED60 /* Debug */ = {
			isa = XCBuildConfiguration;
			buildSettings = {
				ALWAYS_SEARCH_USER_PATHS = NO;
				CLANG_ANALYZER_NONNULL = YES;
				CLANG_ANALYZER_NUMBER_OBJECT_CONVERSION = YES_AGGRESSIVE;
				CLANG_CXX_LANGUAGE_STANDARD = "gnu++20";
				CLANG_ENABLE_MODULES = YES;
				CLANG_ENABLE_OBJC_ARC = YES;
				CLANG_ENABLE_OBJC_WEAK = YES;
				CLANG_WARN_BLOCK_CAPTURE_AUTORELEASING = YES;
				CLANG_WARN_BOOL_CONVERSION = YES;
				CLANG_WARN_COMMA = YES;
				CLANG_WARN_CONSTANT_CONVERSION = YES;
				CLANG_WARN_DEPRECATED_OBJC_IMPLEMENTATIONS = YES;
				CLANG_WARN_DIRECT_OBJC_ISA_USAGE = YES_ERROR;
				CLANG_WARN_DOCUMENTATION_COMMENTS = YES;
				CLANG_WARN_EMPTY_BODY = YES;
				CLANG_WARN_ENUM_CONVERSION = YES;
				CLANG_WARN_INFINITE_RECURSION = YES;
				CLANG_WARN_INT_CONVERSION = YES;
				CLANG_WARN_NON_LITERAL_NULL_CONVERSION = YES;
				CLANG_WARN_OBJC_IMPLICIT_RETAIN_SELF = YES;
				CLANG_WARN_OBJC_LITERAL_CONVERSION = YES;
				CLANG_WARN_OBJC_ROOT_CLASS = YES_ERROR;
				CLANG_WARN_QUOTED_INCLUDE_IN_FRAMEWORK_HEADER = YES;
				CLANG_WARN_RANGE_LOOP_ANALYSIS = YES;
				CLANG_WARN_STRICT_PROTOTYPES = YES;
				CLANG_WARN_SUSPICIOUS_MOVE = YES;
				CLANG_WARN_UNGUARDED_AVAILABILITY = YES_AGGRESSIVE;
				CLANG_WARN_UNREACHABLE_CODE = YES;
				CLANG_WARN__DUPLICATE_METHOD_MATCH = YES;
				COPY_PHASE_STRIP = NO;
				DEBUG_INFORMATION_FORMAT = dwarf;
				ENABLE_STRICT_OBJC_MSGSEND = YES;
				ENABLE_TESTABILITY = YES;
				GCC_C_LANGUAGE_STANDARD = gnu11;
				GCC_DYNAMIC_NO_PIC = NO;
				GCC_NO_COMMON_BLOCKS = YES;
				GCC_OPTIMIZATION_LEVEL = 0;
				GCC_PREPROCESSOR_DEFINITIONS = (
					"DEBUG=1",
					"$(inherited)",
				);
				GCC_WARN_64_TO_32_BIT_CONVERSION = YES;
				GCC_WARN_ABOUT_RETURN_TYPE = YES_ERROR;
				GCC_WARN_UNDECLARED_SELECTOR = YES;
				GCC_WARN_UNINITIALIZED_AUTOS = YES_AGGRESSIVE;
				GCC_WARN_UNUSED_FUNCTION = YES;
				GCC_WARN_UNUSED_VARIABLE = YES;
				IPHONEOS_DEPLOYMENT_TARGET = 16.4;
				MTL_ENABLE_DEBUG_INFO = INCLUDE_SOURCE;
				MTL_FAST_MATH = YES;
				ONLY_ACTIVE_ARCH = YES;
				SDKROOT = iphoneos;
				SWIFT_ACTIVE_COMPILATION_CONDITIONS = DEBUG;
				SWIFT_OPTIMIZATION_LEVEL = "-Onone";
			};
			name = Debug;
		};
		5E1128872B1642CE00ACED60 /* Release */ = {
			isa = XCBuildConfiguration;
			buildSettings = {
				ALWAYS_SEARCH_USER_PATHS = NO;
				CLANG_ANALYZER_NONNULL = YES;
				CLANG_ANALYZER_NUMBER_OBJECT_CONVERSION = YES_AGGRESSIVE;
				CLANG_CXX_LANGUAGE_STANDARD = "gnu++20";
				CLANG_ENABLE_MODULES = YES;
				CLANG_ENABLE_OBJC_ARC = YES;
				CLANG_ENABLE_OBJC_WEAK = YES;
				CLANG_WARN_BLOCK_CAPTURE_AUTORELEASING = YES;
				CLANG_WARN_BOOL_CONVERSION = YES;
				CLANG_WARN_COMMA = YES;
				CLANG_WARN_CONSTANT_CONVERSION = YES;
				CLANG_WARN_DEPRECATED_OBJC_IMPLEMENTATIONS = YES;
				CLANG_WARN_DIRECT_OBJC_ISA_USAGE = YES_ERROR;
				CLANG_WARN_DOCUMENTATION_COMMENTS = YES;
				CLANG_WARN_EMPTY_BODY = YES;
				CLANG_WARN_ENUM_CONVERSION = YES;
				CLANG_WARN_INFINITE_RECURSION = YES;
				CLANG_WARN_INT_CONVERSION = YES;
				CLANG_WARN_NON_LITERAL_NULL_CONVERSION = YES;
				CLANG_WARN_OBJC_IMPLICIT_RETAIN_SELF = YES;
				CLANG_WARN_OBJC_LITERAL_CONVERSION = YES;
				CLANG_WARN_OBJC_ROOT_CLASS = YES_ERROR;
				CLANG_WARN_QUOTED_INCLUDE_IN_FRAMEWORK_HEADER = YES;
				CLANG_WARN_RANGE_LOOP_ANALYSIS = YES;
				CLANG_WARN_STRICT_PROTOTYPES = YES;
				CLANG_WARN_SUSPICIOUS_MOVE = YES;
				CLANG_WARN_UNGUARDED_AVAILABILITY = YES_AGGRESSIVE;
				CLANG_WARN_UNREACHABLE_CODE = YES;
				CLANG_WARN__DUPLICATE_METHOD_MATCH = YES;
				COPY_PHASE_STRIP = NO;
				DEBUG_INFORMATION_FORMAT = "dwarf-with-dsym";
				ENABLE_NS_ASSERTIONS = NO;
				ENABLE_STRICT_OBJC_MSGSEND = YES;
				GCC_C_LANGUAGE_STANDARD = gnu11;
				GCC_NO_COMMON_BLOCKS = YES;
				GCC_WARN_64_TO_32_BIT_CONVERSION = YES;
				GCC_WARN_ABOUT_RETURN_TYPE = YES_ERROR;
				GCC_WARN_UNDECLARED_SELECTOR = YES;
				GCC_WARN_UNINITIALIZED_AUTOS = YES_AGGRESSIVE;
				GCC_WARN_UNUSED_FUNCTION = YES;
				GCC_WARN_UNUSED_VARIABLE = YES;
				IPHONEOS_DEPLOYMENT_TARGET = 16.4;
				MTL_ENABLE_DEBUG_INFO = NO;
				MTL_FAST_MATH = YES;
				SDKROOT = iphoneos;
				SWIFT_COMPILATION_MODE = wholemodule;
				SWIFT_OPTIMIZATION_LEVEL = "-O";
				VALIDATE_PRODUCT = YES;
			};
			name = Release;
		};
		5E1128892B1642CE00ACED60 /* Debug */ = {
			isa = XCBuildConfiguration;
			buildSettings = {
				ASSETCATALOG_COMPILER_APPICON_NAME = AppIcon;
				ASSETCATALOG_COMPILER_GLOBAL_ACCENT_COLOR_NAME = AccentColor;
				CODE_SIGN_STYLE = Automatic;
				CURRENT_PROJECT_VERSION = 1;
				DEVELOPMENT_ASSET_PATHS = "\"Running app/Preview Content\"";
				ENABLE_PREVIEWS = YES;
				GENERATE_INFOPLIST_FILE = YES;
				INFOPLIST_KEY_UIApplicationSceneManifest_Generation = YES;
				INFOPLIST_KEY_UIApplicationSupportsIndirectInputEvents = YES;
				INFOPLIST_KEY_UILaunchScreen_Generation = YES;
				INFOPLIST_KEY_UISupportedInterfaceOrientations_iPad = "UIInterfaceOrientationPortrait UIInterfaceOrientationPortraitUpsideDown UIInterfaceOrientationLandscapeLeft UIInterfaceOrientationLandscapeRight";
				INFOPLIST_KEY_UISupportedInterfaceOrientations_iPhone = "UIInterfaceOrientationPortrait UIInterfaceOrientationLandscapeLeft UIInterfaceOrientationLandscapeRight";
				LD_RUNPATH_SEARCH_PATHS = (
					"$(inherited)",
					"@executable_path/Frameworks",
				);
				MARKETING_VERSION = 1.0;
				PRODUCT_BUNDLE_IDENTIFIER = "Ethan.Running-app";
				PRODUCT_NAME = "$(TARGET_NAME)";
				SWIFT_EMIT_LOC_STRINGS = YES;
				SWIFT_VERSION = 5.0;
				TARGETED_DEVICE_FAMILY = "1,2";
			};
			name = Debug;
		};
		5E11288A2B1642CE00ACED60 /* Release */ = {
			isa = XCBuildConfiguration;
			buildSettings = {
				ASSETCATALOG_COMPILER_APPICON_NAME = AppIcon;
				ASSETCATALOG_COMPILER_GLOBAL_ACCENT_COLOR_NAME = AccentColor;
				CODE_SIGN_STYLE = Automatic;
				CURRENT_PROJECT_VERSION = 1;
				DEVELOPMENT_ASSET_PATHS = "\"Running app/Preview Content\"";
				ENABLE_PREVIEWS = YES;
				GENERATE_INFOPLIST_FILE = YES;
				INFOPLIST_KEY_UIApplicationSceneManifest_Generation = YES;
				INFOPLIST_KEY_UIApplicationSupportsIndirectInputEvents = YES;
				INFOPLIST_KEY_UILaunchScreen_Generation = YES;
				INFOPLIST_KEY_UISupportedInterfaceOrientations_iPad = "UIInterfaceOrientationPortrait UIInterfaceOrientationPortraitUpsideDown UIInterfaceOrientationLandscapeLeft UIInterfaceOrientationLandscapeRight";
				INFOPLIST_KEY_UISupportedInterfaceOrientations_iPhone = "UIInterfaceOrientationPortrait UIInterfaceOrientationLandscapeLeft UIInterfaceOrientationLandscapeRight";
				LD_RUNPATH_SEARCH_PATHS = (
					"$(inherited)",
					"@executable_path/Frameworks",
				);
				MARKETING_VERSION = 1.0;
				PRODUCT_BUNDLE_IDENTIFIER = "Ethan.Running-app";
				PRODUCT_NAME = "$(TARGET_NAME)";
				SWIFT_EMIT_LOC_STRINGS = YES;
				SWIFT_VERSION = 5.0;
				TARGETED_DEVICE_FAMILY = "1,2";
			};
			name = Release;
		};
		5E11288C2B1642CE00ACED60 /* Debug */ = {
			isa = XCBuildConfiguration;
			buildSettings = {
				ALWAYS_EMBED_SWIFT_STANDARD_LIBRARIES = YES;
				BUNDLE_LOADER = "$(TEST_HOST)";
				CODE_SIGN_STYLE = Automatic;
				CURRENT_PROJECT_VERSION = 1;
				GENERATE_INFOPLIST_FILE = YES;
				IPHONEOS_DEPLOYMENT_TARGET = 16.4;
				MARKETING_VERSION = 1.0;
				PRODUCT_BUNDLE_IDENTIFIER = "Ethan.Running-appTests";
				PRODUCT_NAME = "$(TARGET_NAME)";
				SWIFT_EMIT_LOC_STRINGS = NO;
				SWIFT_VERSION = 5.0;
				TARGETED_DEVICE_FAMILY = "1,2";
				TEST_HOST = "$(BUILT_PRODUCTS_DIR)/Running app.app/$(BUNDLE_EXECUTABLE_FOLDER_PATH)/Running app";
			};
			name = Debug;
		};
		5E11288D2B1642CE00ACED60 /* Release */ = {
			isa = XCBuildConfiguration;
			buildSettings = {
				ALWAYS_EMBED_SWIFT_STANDARD_LIBRARIES = YES;
				BUNDLE_LOADER = "$(TEST_HOST)";
				CODE_SIGN_STYLE = Automatic;
				CURRENT_PROJECT_VERSION = 1;
				GENERATE_INFOPLIST_FILE = YES;
				IPHONEOS_DEPLOYMENT_TARGET = 16.4;
				MARKETING_VERSION = 1.0;
				PRODUCT_BUNDLE_IDENTIFIER = "Ethan.Running-appTests";
				PRODUCT_NAME = "$(TARGET_NAME)";
				SWIFT_EMIT_LOC_STRINGS = NO;
				SWIFT_VERSION = 5.0;
				TARGETED_DEVICE_FAMILY = "1,2";
				TEST_HOST = "$(BUILT_PRODUCTS_DIR)/Running app.app/$(BUNDLE_EXECUTABLE_FOLDER_PATH)/Running app";
			};
			name = Release;
		};
		5E11288F2B1642CE00ACED60 /* Debug */ = {
			isa = XCBuildConfiguration;
			buildSettings = {
				ALWAYS_EMBED_SWIFT_STANDARD_LIBRARIES = YES;
				CODE_SIGN_STYLE = Automatic;
				CURRENT_PROJECT_VERSION = 1;
				GENERATE_INFOPLIST_FILE = YES;
				MARKETING_VERSION = 1.0;
				PRODUCT_BUNDLE_IDENTIFIER = "Ethan.Running-appUITests";
				PRODUCT_NAME = "$(TARGET_NAME)";
				SWIFT_EMIT_LOC_STRINGS = NO;
				SWIFT_VERSION = 5.0;
				TARGETED_DEVICE_FAMILY = "1,2";
				TEST_TARGET_NAME = "Running app";
			};
			name = Debug;
		};
		5E1128902B1642CE00ACED60 /* Release */ = {
			isa = XCBuildConfiguration;
			buildSettings = {
				ALWAYS_EMBED_SWIFT_STANDARD_LIBRARIES = YES;
				CODE_SIGN_STYLE = Automatic;
				CURRENT_PROJECT_VERSION = 1;
				GENERATE_INFOPLIST_FILE = YES;
				MARKETING_VERSION = 1.0;
				PRODUCT_BUNDLE_IDENTIFIER = "Ethan.Running-appUITests";
				PRODUCT_NAME = "$(TARGET_NAME)";
				SWIFT_EMIT_LOC_STRINGS = NO;
				SWIFT_VERSION = 5.0;
				TARGETED_DEVICE_FAMILY = "1,2";
				TEST_TARGET_NAME = "Running app";
			};
			name = Release;
		};
/* End XCBuildConfiguration section */

/* Begin XCConfigurationList section */
		5E11285F2B1642CC00ACED60 /* Build configuration list for PBXProject "Running app" */ = {
			isa = XCConfigurationList;
			buildConfigurations = (
				5E1128862B1642CE00ACED60 /* Debug */,
				5E1128872B1642CE00ACED60 /* Release */,
			);
			defaultConfigurationIsVisible = 0;
			defaultConfigurationName = Release;
		};
		5E1128882B1642CE00ACED60 /* Build configuration list for PBXNativeTarget "Running app" */ = {
			isa = XCConfigurationList;
			buildConfigurations = (
				5E1128892B1642CE00ACED60 /* Debug */,
				5E11288A2B1642CE00ACED60 /* Release */,
			);
			defaultConfigurationIsVisible = 0;
			defaultConfigurationName = Release;
		};
		5E11288B2B1642CE00ACED60 /* Build configuration list for PBXNativeTarget "Running appTests" */ = {
			isa = XCConfigurationList;
			buildConfigurations = (
				5E11288C2B1642CE00ACED60 /* Debug */,
				5E11288D2B1642CE00ACED60 /* Release */,
			);
			defaultConfigurationIsVisible = 0;
			defaultConfigurationName = Release;
		};
		5E11288E2B1642CE00ACED60 /* Build configuration list for PBXNativeTarget "Running appUITests" */ = {
			isa = XCConfigurationList;
			buildConfigurations = (
				5E11288F2B1642CE00ACED60 /* Debug */,
				5E1128902B1642CE00ACED60 /* Release */,
			);
			defaultConfigurationIsVisible = 0;
			defaultConfigurationName = Release;
		};
/* End XCConfigurationList section */
	};
	rootObject = 5E11285C2B1642CC00ACED60 /* Project object */;
}
